lockfileVersion: '6.0'

dependencies:
  '@tsparticles/engine':
    specifier: ^4.0.5
    version: 4.0.5
  '@tsparticles/preset-links':
    specifier: ^4.0.5
    version: 4.0.5
  '@tsparticles/vue3':
    specifier: ^4.0.5
    version: 4.0.5(typescript@5.9.3)
  vue:
    specifier: ^3.5.34
    version: 3.5.34(typescript@5.9.3)
  vue-router:
    specifier: ^4.6.4
    version: 4.6.4(vue@3.5.34)

devDependencies:
  '@vitejs/plugin-vue':
    specifier: ^4.6.2
    version: 4.6.2(vite@4.5.14)(vue@3.5.34)
  typescript:
    specifier: ^5.9.3
    version: 5.9.3
  vite:
    specifier: ^4.5.14
    version: 4.5.14
  vue-tsc:
    specifier: ^1.8.27
    version: 1.8.27(typescript@5.9.3)

packages:

  /@babel/helper-string-parser@7.29.7:
    resolution: {integrity: sha512-Pb5ijPrZ89GDH8223L4UP8i6QApWxs04RbPQJTeWDV0/keR2E36MeKnyr6LYmUUvqRRI+Iv87SuF1W6ErINzYw==}
    engines: {node: '>=6.9.0'}

  /@babel/helper-validator-identifier@7.29.7:
    resolution: {integrity: sha512-qehxGkRj55h/ff8EMaJ+cYhyaKlHIxqYDn682wQD7RNp9UujOQsHog2uS0r2vzr4pW+sXf90NeeayjcNaX3fFg==}
    engines: {node: '>=6.9.0'}

  /@babel/parser@7.29.7:
    resolution: {integrity: sha512-hnORnjP/1P/zFEndoeX+n+t1RwWRJiJpM/jO7FW32Kn9r5+sJB2JWOdYo4L6k78j15eCwY3Gm/7364B1EMwtNg==}
    engines: {node: '>=6.0.0'}
    hasBin: true
    dependencies:
      '@babel/types': 7.29.7

  /@babel/types@7.29.7:
    resolution: {integrity: sha512-4zBIxpPzowiZpusoFkyGVwakdRJUyuH5PxQ/PrqghfdFWWasvnCdPfQXHrenDai+gyLARulZjZowCOj6fjT4pA==}
    engines: {node: '>=6.9.0'}
    dependencies:
      '@babel/helper-string-parser': 7.29.7
      '@babel/helper-validator-identifier': 7.29.7

  /@esbuild/android-arm64@0.18.20:
    resolution: {integrity: sha512-Nz4rJcchGDtENV0eMKUNa6L12zz2zBDXuhj/Vjh18zGqB44Bi7MBMSXjgunJgjRhCmKOjnPuZp4Mb6OKqtMHLQ==}
    engines: {node: '>=12'}
    cpu: [arm64]
    os: [android]
    requiresBuild: true
    dev: true
    optional: true

  /@esbuild/android-arm@0.18.20:
    resolution: {integrity: sha512-fyi7TDI/ijKKNZTUJAQqiG5T7YjJXgnzkURqmGj13C6dCqckZBLdl4h7bkhHt/t0WP+zO9/zwroDvANaOqO5Sw==}
    engines: {node: '>=12'}
    cpu: [arm]
    os: [android]
    requiresBuild: true
    dev: true
    optional: true

  /@esbuild/android-x64@0.18.20:
    resolution: {integrity: sha512-8GDdlePJA8D6zlZYJV/jnrRAi6rOiNaCC/JclcXpB+KIuvfBN4owLtgzY2bsxnx666XjJx2kDPUmnTtR8qKQUg==}
    engines: {node: '>=12'}
    cpu: [x64]
    os: [android]
    requiresBuild: true
    dev: true
    optional: true

  /@esbuild/darwin-arm64@0.18.20:
    resolution: {integrity: sha512-bxRHW5kHU38zS2lPTPOyuyTm+S+eobPUnTNkdJEfAddYgEcll4xkT8DB9d2008DtTbl7uJag2HuE5NZAZgnNEA==}
    engines: {node: '>=12'}
    cpu: [arm64]
    os: [darwin]
    requiresBuild: true
    dev: true
    optional: true

  /@esbuild/darwin-x64@0.18.20:
    resolution: {integrity: sha512-pc5gxlMDxzm513qPGbCbDukOdsGtKhfxD1zJKXjCCcU7ju50O7MeAZ8c4krSJcOIJGFR+qx21yMMVYwiQvyTyQ==}
    engines: {node: '>=12'}
    cpu: [x64]
    os: [darwin]
    requiresBuild: true
    dev: true
    optional: true

  /@esbuild/freebsd-arm64@0.18.20:
    resolution: {integrity: sha512-yqDQHy4QHevpMAaxhhIwYPMv1NECwOvIpGCZkECn8w2WFHXjEwrBn3CeNIYsibZ/iZEUemj++M26W3cNR5h+Tw==}
    engines: {node: '>=12'}
    cpu: [arm64]
    os: [freebsd]
    requiresBuild: true
    dev: true
    optional: true

  /@esbuild/freebsd-x64@0.18.20:
    resolution: {integrity: sha512-tgWRPPuQsd3RmBZwarGVHZQvtzfEBOreNuxEMKFcd5DaDn2PbBxfwLcj4+aenoh7ctXcbXmOQIn8HI6mCSw5MQ==}
    engines: {node: '>=12'}
    cpu: [x64]
    os: [freebsd]
    requiresBuild: true
    dev: true
    optional: true

  /@esbuild/linux-arm64@0.18.20:
    resolution: {integrity: sha512-2YbscF+UL7SQAVIpnWvYwM+3LskyDmPhe31pE7/aoTMFKKzIc9lLbyGUpmmb8a8AixOL61sQ/mFh3jEjHYFvdA==}
    engines: {node: '>=12'}
    cpu: [arm64]
    os: [linux]
    requiresBuild: true
    dev: true
    optional: true

  /@esbuild/linux-arm@0.18.20:
    resolution: {integrity: sha512-/5bHkMWnq1EgKr1V+Ybz3s1hWXok7mDFUMQ4cG10AfW3wL02PSZi5kFpYKrptDsgb2WAJIvRcDm+qIvXf/apvg==}
    engines: {node: '>=12'}
    cpu: [arm]
    os: [linux]
    requiresBuild: true
    dev: true
    optional: true

  /@esbuild/linux-ia32@0.18.20:
    resolution: {integrity: sha512-P4etWwq6IsReT0E1KHU40bOnzMHoH73aXp96Fs8TIT6z9Hu8G6+0SHSw9i2isWrD2nbx2qo5yUqACgdfVGx7TA==}
    engines: {node: '>=12'}
    cpu: [ia32]
    os: [linux]
    requiresBuild: true
    dev: true
    optional: true

  /@esbuild/linux-loong64@0.18.20:
    resolution: {integrity: sha512-nXW8nqBTrOpDLPgPY9uV+/1DjxoQ7DoB2N8eocyq8I9XuqJ7BiAMDMf9n1xZM9TgW0J8zrquIb/A7s3BJv7rjg==}
    engines: {node: '>=12'}
    cpu: [loong64]
    os: [linux]
    requiresBuild: true
    dev: true
    optional: true

  /@esbuild/linux-mips64el@0.18.20:
    resolution: {integrity: sha512-d5NeaXZcHp8PzYy5VnXV3VSd2D328Zb+9dEq5HE6bw6+N86JVPExrA6O68OPwobntbNJ0pzCpUFZTo3w0GyetQ==}
    engines: {node: '>=12'}
    cpu: [mips64el]
    os: [linux]
    requiresBuild: true
    dev: true
    optional: true

  /@esbuild/linux-ppc64@0.18.20:
    resolution: {integrity: sha512-WHPyeScRNcmANnLQkq6AfyXRFr5D6N2sKgkFo2FqguP44Nw2eyDlbTdZwd9GYk98DZG9QItIiTlFLHJHjxP3FA==}
    engines: {node: '>=12'}
    cpu: [ppc64]
    os: [linux]
    requiresBuild: true
    dev: true
    optional: true

  /@esbuild/linux-riscv64@0.18.20:
    resolution: {integrity: sha512-WSxo6h5ecI5XH34KC7w5veNnKkju3zBRLEQNY7mv5mtBmrP/MjNBCAlsM2u5hDBlS3NGcTQpoBvRzqBcRtpq1A==}
    engines: {node: '>=12'}
    cpu: [riscv64]
    os: [linux]
    requiresBuild: true
    dev: true
    optional: true

  /@esbuild/linux-s390x@0.18.20:
    resolution: {integrity: sha512-+8231GMs3mAEth6Ja1iK0a1sQ3ohfcpzpRLH8uuc5/KVDFneH6jtAJLFGafpzpMRO6DzJ6AvXKze9LfFMrIHVQ==}
    engines: {node: '>=12'}
    cpu: [s390x]
    os: [linux]
    requiresBuild: true
    dev: true
    optional: true

  /@esbuild/linux-x64@0.18.20:
    resolution: {integrity: sha512-UYqiqemphJcNsFEskc73jQ7B9jgwjWrSayxawS6UVFZGWrAAtkzjxSqnoclCXxWtfwLdzU+vTpcNYhpn43uP1w==}
    engines: {node: '>=12'}
    cpu: [x64]
    os: [linux]
    requiresBuild: true
    dev: true
    optional: true

  /@esbuild/netbsd-x64@0.18.20:
    resolution: {integrity: sha512-iO1c++VP6xUBUmltHZoMtCUdPlnPGdBom6IrO4gyKPFFVBKioIImVooR5I83nTew5UOYrk3gIJhbZh8X44y06A==}
    engines: {node: '>=12'}
    cpu: [x64]
    os: [netbsd]
    requiresBuild: true
    dev: true
    optional: true

  /@esbuild/openbsd-x64@0.18.20:
    resolution: {integrity: sha512-e5e4YSsuQfX4cxcygw/UCPIEP6wbIL+se3sxPdCiMbFLBWu0eiZOJ7WoD+ptCLrmjZBK1Wk7I6D/I3NglUGOxg==}
    engines: {node: '>=12'}
    cpu: [x64]
    os: [openbsd]
    requiresBuild: true
    dev: true
    optional: true

  /@esbuild/sunos-x64@0.18.20:
    resolution: {integrity: sha512-kDbFRFp0YpTQVVrqUd5FTYmWo45zGaXe0X8E1G/LKFC0v8x0vWrhOWSLITcCn63lmZIxfOMXtCfti/RxN/0wnQ==}
    engines: {node: '>=12'}
    cpu: [x64]
    os: [sunos]
    requiresBuild: true
    dev: true
    optional: true

  /@esbuild/win32-arm64@0.18.20:
    resolution: {integrity: sha512-ddYFR6ItYgoaq4v4JmQQaAI5s7npztfV4Ag6NrhiaW0RrnOXqBkgwZLofVTlq1daVTQNhtI5oieTvkRPfZrePg==}
    engines: {node: '>=12'}
    cpu: [arm64]
    os: [win32]
    requiresBuild: true
    dev: true
    optional: true

  /@esbuild/win32-ia32@0.18.20:
    resolution: {integrity: sha512-Wv7QBi3ID/rROT08SABTS7eV4hX26sVduqDOTe1MvGMjNd3EjOz4b7zeexIR62GTIEKrfJXKL9LFxTYgkyeu7g==}
    engines: {node: '>=12'}
    cpu: [ia32]
    os: [win32]
    requiresBuild: true
    dev: true
    optional: true

  /@esbuild/win32-x64@0.18.20:
    resolution: {integrity: sha512-kTdfRcSiDfQca/y9QIkng02avJ+NCaQvrMejlsB3RRv5sE9rRoeBPISaZpKxHELzRxZyLvNts1P27W3wV+8geQ==}
    engines: {node: '>=12'}
    cpu: [x64]
    os: [win32]
    requiresBuild: true
    dev: true
    optional: true

  /@jridgewell/sourcemap-codec@1.5.5:
    resolution: {integrity: sha512-cYQ9310grqxueWbl+WuIUIaiUaDcj7WOq5fVhEljNVgRfOUhY9fy2zTvfoqWsnebh8Sl70VScFbICvJnLKB0Og==}

  /@tsparticles/basic@4.0.5:
    resolution: {integrity: sha512-JWAsRUh8v8RYxLilAAlcwIvUlO2Jfl0DW2t+aAm0OAp4WjmebWSYeG+/CV6Ov+ynV/38vEDAYQIRpyG8Vpmyrg==}
    dependencies:
      '@tsparticles/engine': 4.0.5
      '@tsparticles/plugin-blend': 4.0.5(@tsparticles/engine@4.0.5)
      '@tsparticles/plugin-hex-color': 4.0.5(@tsparticles/engine@4.0.5)
      '@tsparticles/plugin-hsl-color': 4.0.5(@tsparticles/engine@4.0.5)
      '@tsparticles/plugin-move': 4.0.5(@tsparticles/engine@4.0.5)
      '@tsparticles/plugin-rgb-color': 4.0.5(@tsparticles/engine@4.0.5)
      '@tsparticles/shape-circle': 4.0.5(@tsparticles/engine@4.0.5)
      '@tsparticles/updater-opacity': 4.0.5(@tsparticles/engine@4.0.5)
      '@tsparticles/updater-out-modes': 4.0.5(@tsparticles/engine@4.0.5)
      '@tsparticles/updater-paint': 4.0.5(@tsparticles/engine@4.0.5)
      '@tsparticles/updater-size': 4.0.5(@tsparticles/engine@4.0.5)
    dev: false

  /@tsparticles/canvas-utils@4.0.5(@tsparticles/engine@4.0.5):
    resolution: {integrity: sha512-U/KtQBuv1reSTnpyBswp4SfhDjOSG9lvcR8Z+1FTV+5/Vfjz2hEy3p61dN934xffrY24uFJE1f60m1npwZ4Ayg==}
    peerDependencies:
      '@tsparticles/engine': 4.0.5
    dependencies:
      '@tsparticles/engine': 4.0.5
    dev: false

  /@tsparticles/engine@4.0.5:
    resolution: {integrity: sha512-ovFQNzz18Ef0ww7wPqykHWU06K1EhTkMPZhoIZQQaRbFmKKoE+5LyTGGTZGzGjQ4GjHLZq7l9kGl1oInpzoK4Q==}
    requiresBuild: true
    dev: false

  /@tsparticles/interaction-particles-links@4.0.5(@tsparticles/engine@4.0.5)(@tsparticles/plugin-interactivity@4.0.5):
    resolution: {integrity: sha512-06+CKi4DwbmBwoIuHc/PTpnI7V7loqFgmddY16xPXzDs5i9W/Uhhovg5d5yplFOTxmiNLF9QY0Yz6aMHZ3f7cQ==}
    peerDependencies:
      '@tsparticles/engine': 4.0.5
      '@tsparticles/plugin-interactivity': 4.0.5
    dependencies:
      '@tsparticles/canvas-utils': 4.0.5(@tsparticles/engine@4.0.5)
      '@tsparticles/engine': 4.0.5
      '@tsparticles/plugin-interactivity': 4.0.5(@tsparticles/engine@4.0.5)
    dev: false

  /@tsparticles/plugin-blend@4.0.5(@tsparticles/engine@4.0.5):
    resolution: {integrity: sha512-7w21hS28GnD4ac5uooRskmMprFUCJs6wHveC4CY5XiiE7ldcHTUMNT9b2fwXMFawBZDSezfjhCms7zhIQDbjgg==}
    peerDependencies:
      '@tsparticles/engine': 4.0.5
    dependencies:
      '@tsparticles/engine': 4.0.5
    dev: false

  /@tsparticles/plugin-hex-color@4.0.5(@tsparticles/engine@4.0.5):
    resolution: {integrity: sha512-GWmkiiSlb4oow1OxJQF32R2ulOhMwToQvexJC7oqd/2yxZuScD7fukpM5kv9S9XhKVE+zjOJHeWIhRFrBl7mCQ==}
    peerDependencies:
      '@tsparticles/engine': 4.0.5
    dependencies:
      '@tsparticles/engine': 4.0.5
    dev: false

  /@tsparticles/plugin-hsl-color@4.0.5(@tsparticles/engine@4.0.5):
    resolution: {integrity: sha512-gdey7PUKPijnG9hIfrD3z8N4xjyOyRWXsvaGXhoMgpaD47Vcc/wsIXmx/0Znsct0cEEXByXoMQyM8MRO1yTg0w==}
    peerDependencies:
      '@tsparticles/engine': 4.0.5
    dependencies:
      '@tsparticles/engine': 4.0.5
    dev: false

  /@tsparticles/plugin-interactivity@4.0.5(@tsparticles/engine@4.0.5):
    resolution: {integrity: sha512-tRTvH5/MUy/3MNG344rBNuTFxLVCo9MaiYU3d0cxg9Xuh1jVOsIcNj3KbQrOdYvFowzVml8+cAeMGfLtsQoyDw==}
    peerDependencies:
      '@tsparticles/engine': 4.0.5
    dependencies:
      '@tsparticles/engine': 4.0.5
    dev: false

  /@tsparticles/plugin-move@4.0.5(@tsparticles/engine@4.0.5):
    resolution: {integrity: sha512-IJVS/f7QHEfGz4LSlidAmLPPGc2Jj1vp6ydxvMOIyjzPrxS8PIYqsXB0jWjy2fr5KT6+VCNDX+7fY8v0EK9OOg==}
    peerDependencies:
      '@tsparticles/engine': 4.0.5
    dependencies:
      '@tsparticles/engine': 4.0.5
    dev: false

  /@tsparticles/plugin-rgb-color@4.0.5(@tsparticles/engine@4.0.5):
    resolution: {integrity: sha512-+JDxQWW1WupxnDwvN+C0vWQmOvBFkvtvK2MJ6qNjOI9/7Nj8s0xzwm5KGqVUWkaF16K3+AihNjEQRb/M8E5skg==}
    peerDependencies:
      '@tsparticles/engine': 4.0.5
    dependencies:
      '@tsparticles/engine': 4.0.5
    dev: false

  /@tsparticles/preset-links@4.0.5:
    resolution: {integrity: sha512-kJWVh22urDbeAVEsw9D1Q65k/S6/9ZBCK9Ogc8wY6QTs/mVqDooLxiW21VzMAQBAq+A4nY3G5gpF5Zn2RUUW6g==}
    dependencies:
      '@tsparticles/basic': 4.0.5
      '@tsparticles/engine': 4.0.5
      '@tsparticles/interaction-particles-links': 4.0.5(@tsparticles/engine@4.0.5)(@tsparticles/plugin-interactivity@4.0.5)
      '@tsparticles/plugin-interactivity': 4.0.5(@tsparticles/engine@4.0.5)
    dev: false

  /@tsparticles/shape-circle@4.0.5(@tsparticles/engine@4.0.5):
    resolution: {integrity: sha512-y2CcWNCnC2m2/DaE5CsWbJSCjKsLbOySdT9qgyezmT/boYHupJuNNNOeXP56Tlq+je1wZpayCIAKOpl+VhBtiw==}
    peerDependencies:
      '@tsparticles/engine': 4.0.5
    dependencies:
      '@tsparticles/engine': 4.0.5
    dev: false

  /@tsparticles/updater-opacity@4.0.5(@tsparticles/engine@4.0.5):
    resolution: {integrity: sha512-VNuJyLleqRgRfefmTbTg8bnCEyg1I24zJ46y9TMXwzklrz7A/7go94bt/0SO1nUGpRkOhJ06/2LkRrN1dH4gSQ==}
    peerDependencies:
      '@tsparticles/engine': 4.0.5
    dependencies:
      '@tsparticles/engine': 4.0.5
    dev: false

  /@tsparticles/updater-out-modes@4.0.5(@tsparticles/engine@4.0.5):
    resolution: {integrity: sha512-1SeMXkvEfJB5v6AeMVB2qFXzvzOMLMAhKfgQ4IJpnOttjKEAOn/ATq9t7HGPlaR2yL/uC2X1awyNmKs2U6nuJg==}
    peerDependencies:
      '@tsparticles/engine': 4.0.5
    dependencies:
      '@tsparticles/engine': 4.0.5
    dev: false

  /@tsparticles/updater-paint@4.0.5(@tsparticles/engine@4.0.5):
    resolution: {integrity: sha512-wb2jdSOwkCaosZqvXicwYn/QADXbQlrGy6EqImX9Mdplssq8wlVGEe8DjfFFhVtbq7w4mY7mXis1rhPRYYzZGg==}
    peerDependencies:
      '@tsparticles/engine': 4.0.5
    dependencies:
      '@tsparticles/engine': 4.0.5
    dev: false

  /@tsparticles/updater-size@4.0.5(@tsparticles/engine@4.0.5):
    resolution: {integrity: sha512-MNCJph1o0uwdOXrFQ2myXd3gtn8MnqKb2XMCEZfYRcnGvxzoTPo8H2IH3wqebagj5u8Ah0pk0yWmvBW0239kfQ==}
    peerDependencies:
      '@tsparticles/engine': 4.0.5
    dependencies:
      '@tsparticles/engine': 4.0.5
    dev: false

  /@tsparticles/vue3@4.0.5(typescript@5.9.3):
    resolution: {integrity: sha512-SguB0VHc/v/nl7rIzev8n9smRGXVQW38H+RoEeiFLXcOlMZIGzE8x9jyTe4osG75v04MXwK6dSNNRPBLwd6lug==}
    dependencies:
      '@tsparticles/engine': 4.0.5
      vue: 3.5.34(typescript@5.9.3)
    transitivePeerDependencies:
      - typescript
    dev: false

  /@vitejs/plugin-vue@4.6.2(vite@4.5.14)(vue@3.5.34):
    resolution: {integrity: sha512-kqf7SGFoG+80aZG6Pf+gsZIVvGSCKE98JbiWqcCV9cThtg91Jav0yvYFC9Zb+jKetNGF6ZKeoaxgZfND21fWKw==}
    engines: {node: ^14.18.0 || >=16.0.0}
    peerDependencies:
      vite: ^4.0.0 || ^5.0.0
      vue: ^3.2.25
    dependencies:
      vite: 4.5.14
      vue: 3.5.34(typescript@5.9.3)
    dev: true

  /@volar/language-core@1.11.1:
    resolution: {integrity: sha512-dOcNn3i9GgZAcJt43wuaEykSluAuOkQgzni1cuxLxTV0nJKanQztp7FxyswdRILaKH+P2XZMPRp2S4MV/pElCw==}
    dependencies:
      '@volar/source-map': 1.11.1
    dev: true

  /@volar/source-map@1.11.1:
    resolution: {integrity: sha512-hJnOnwZ4+WT5iupLRnuzbULZ42L7BWWPMmruzwtLhJfpDVoZLjNBxHDi2sY2bgZXCKlpU5XcsMFoYrsQmPhfZg==}
    dependencies:
      muggle-string: 0.3.1
    dev: true

  /@volar/typescript@1.11.1:
    resolution: {integrity: sha512-iU+t2mas/4lYierSnoFOeRFQUhAEMgsFuQxoxvwn5EdQopw43j+J27a4lt9LMInx1gLJBC6qL14WYGlgymaSMQ==}
    dependencies:
      '@volar/language-core': 1.11.1
      path-browserify: 1.0.1
    dev: true

  /@vue/compiler-core@3.5.34:
    resolution: {integrity: sha512-s9cLyK5mLcvZ4Agva5QgRsQyLKvts9WbU9DB6NqiZkkGEdwmcEiylj5Jbwkp680drF/NNCV8OlAJSe+yMLxaJw==}
    dependencies:
      '@babel/parser': 7.29.7
      '@vue/shared': 3.5.34
      entities: 7.0.1
      estree-walker: 2.0.2
      source-map-js: 1.2.1

  /@vue/compiler-dom@3.5.34:
    resolution: {integrity: sha512-EbF/T++k0e2MMZlJsBhzK8Sgwt0HcIPOhzn1CTB/lv6sQcyk+OWf8YeiLxZp3ro7MbbLcAfAJ6sEvjFWuNgUCw==}
    dependencies:
      '@vue/compiler-core': 3.5.34
      '@vue/shared': 3.5.34

  /@vue/compiler-sfc@3.5.34:
    resolution: {integrity: sha512-D/ihr6uZeIt6r+pVZf46RWT1fAsLFMbUP7k8G1VkiiWexriED9GrX3echHd4Abbt17zjlfiFJ8z7a3BxZOPNjg==}
    dependencies:
      '@babel/parser': 7.29.7
      '@vue/compiler-core': 3.5.34
      '@vue/compiler-dom': 3.5.34
      '@vue/compiler-ssr': 3.5.34
      '@vue/shared': 3.5.34
      estree-walker: 2.0.2
      magic-string: 0.30.21
      postcss: 8.5.15
      source-map-js: 1.2.1

  /@vue/compiler-ssr@3.5.34:
    resolution: {integrity: sha512-cDtTHKibkThKGHH1SP+WdccquNRYQDFH6rRjQCqT9G2ltFAfoR5pUftpab/z+aM5mW9HLLVQW7hfKKQe/1GBeQ==}
    dependencies:
      '@vue/compiler-dom': 3.5.34
      '@vue/shared': 3.5.34

  /@vue/devtools-api@6.6.4:
    resolution: {integrity: sha512-sGhTPMuXqZ1rVOk32RylztWkfXTRhuS7vgAKv0zjqk8gbsHkJ7xfFf+jbySxt7tWObEJwyKaHMikV/WGDiQm8g==}
    dev: false

  /@vue/language-core@1.8.27(typescript@5.9.3):
    resolution: {integrity: sha512-L8Kc27VdQserNaCUNiSFdDl9LWT24ly8Hpwf1ECy3aFb9m6bDhBGQYOujDm21N7EW3moKIOKEanQwe1q5BK+mA==}
    peerDependencies:
      typescript: '*'
    peerDependenciesMeta:
      typescript:
        optional: true
    dependencies:
      '@volar/language-core': 1.11.1
      '@volar/source-map': 1.11.1
      '@vue/compiler-dom': 3.5.34
      '@vue/shared': 3.5.34
      computeds: 0.0.1
      minimatch: 9.0.9
      muggle-string: 0.3.1
      path-browserify: 1.0.1
      typescript: 5.9.3
      vue-template-compiler: 2.7.16
    dev: true

  /@vue/reactivity@3.5.34:
    resolution: {integrity: sha512-y9XDjCEuBp+98k+UL5dbYkh57AHU4o6cxZedOPXw3bmrZZYLQsVHguGurq7hVrPCSrQtrnz1f9dssyFr+dMXfQ==}
    dependencies:
      '@vue/shared': 3.5.34

  /@vue/runtime-core@3.5.34:
    resolution: {integrity: sha512-mKeBYvu8tcMSLhypAHBmriUFfWXKTCF/23Z4jiCoYK3UtWepkliViNLuR90V9XOyD62mUxs9p1jsrpK3CCGIzw==}
    dependencies:
      '@vue/reactivity': 3.5.34
      '@vue/shared': 3.5.34

  /@vue/runtime-dom@3.5.34:
    resolution: {integrity: sha512-e8kZzERmCwUnBRVsgSQlAfrfU2rGoy0FFKPBXSlfEjc/O3KfA7QP0t1/2ZylrbchjmIKB4dPTd07A6WPr0eOrg==}
    dependencies:
      '@vue/reactivity': 3.5.34
      '@vue/runtime-core': 3.5.34
      '@vue/shared': 3.5.34
      csstype: 3.2.3

  /@vue/server-renderer@3.5.34(vue@3.5.34):
    resolution: {integrity: sha512-nHxmJoTrKsmrkbILRhkC9gY1G3moZbJTqCzDd7DOOzG5KH9oeJ0Unqrff5f9v0pW//jES05ZkJcNtfE8JjOIew==}
    peerDependencies:
      vue: 3.5.34
    dependencies:
      '@vue/compiler-ssr': 3.5.34
      '@vue/shared': 3.5.34
      vue: 3.5.34(typescript@5.9.3)

  /@vue/shared@3.5.34:
    resolution: {integrity: sha512-24uqU4OIiX29ryC3MeWid/Xf2fa2EFRUVLb77nRhk+UrTVrh/XiGtFAFmJBAtBRbjwNdsPRP+jj/OL27Eg1NDA==}

  /balanced-match@1.0.2:
    resolution: {integrity: sha512-3oSeUO0TMV67hN1AmbXsK4yaqU7tjiHlbxRDZOpH0KW9+CeX4bRAaX0Anxt0tx2MrpRpWwQaPwIlISEJhYU5Pw==}
    dev: true

  /brace-expansion@2.1.1:
    resolution: {integrity: sha512-WR1cURNjuvBLMZBMbqM0UoE+WAfdUcEV1ccD8PVBVOI+Z3ND4+SZbN8RsfT2bMuG1qwz5RFvPukSZm5fF2D5eA==}
    dependencies:
      balanced-match: 1.0.2
    dev: true

  /computeds@0.0.1:
    resolution: {integrity: sha512-7CEBgcMjVmitjYo5q8JTJVra6X5mQ20uTThdK+0kR7UEaDrAWEQcRiBtWJzga4eRpP6afNwwLsX2SET2JhVB1Q==}
    dev: true

  /csstype@3.2.3:
    resolution: {integrity: sha512-z1HGKcYy2xA8AGQfwrn0PAy+PB7X/GSj3UVJW9qKyn43xWa+gl5nXmU4qqLMRzWVLFC8KusUX8T/0kCiOYpAIQ==}

  /de-indent@1.0.2:
    resolution: {integrity: sha512-e/1zu3xH5MQryN2zdVaF0OrdNLUbvWxzMbi+iNA6Bky7l1RoP8a2fIbRocyHclXt/arDrrR6lL3TqFD9pMQTsg==}
    dev: true

  /entities@7.0.1:
    resolution: {integrity: sha512-TWrgLOFUQTH994YUyl1yT4uyavY5nNB5muff+RtWaqNVCAK408b5ZnnbNAUEWLTCpum9w6arT70i1XdQ4UeOPA==}
    engines: {node: '>=0.12'}

  /esbuild@0.18.20:
    resolution: {integrity: sha512-ceqxoedUrcayh7Y7ZX6NdbbDzGROiyVBgC4PriJThBKSVPWnnFHZAkfI1lJT8QFkOwH4qOS2SJkS4wvpGl8BpA==}
    engines: {node: '>=12'}
    hasBin: true
    requiresBuild: true
    optionalDependencies:
      '@esbuild/android-arm': 0.18.20
      '@esbuild/android-arm64': 0.18.20
      '@esbuild/android-x64': 0.18.20
      '@esbuild/darwin-arm64': 0.18.20
      '@esbuild/darwin-x64': 0.18.20
      '@esbuild/freebsd-arm64': 0.18.20
      '@esbuild/freebsd-x64': 0.18.20
      '@esbuild/linux-arm': 0.18.20
      '@esbuild/linux-arm64': 0.18.20
      '@esbuild/linux-ia32': 0.18.20
      '@esbuild/linux-loong64': 0.18.20
      '@esbuild/linux-mips64el': 0.18.20
      '@esbuild/linux-ppc64': 0.18.20
      '@esbuild/linux-riscv64': 0.18.20
      '@esbuild/linux-s390x': 0.18.20
      '@esbuild/linux-x64': 0.18.20
      '@esbuild/netbsd-x64': 0.18.20
      '@esbuild/openbsd-x64': 0.18.20
      '@esbuild/sunos-x64': 0.18.20
      '@esbuild/win32-arm64': 0.18.20
      '@esbuild/win32-ia32': 0.18.20
      '@esbuild/win32-x64': 0.18.20
    dev: true

  /estree-walker@2.0.2:
    resolution: {integrity: sha512-Rfkk/Mp/DL7JVje3u18FxFujQlTNR2q6QfMSMB7AvCBx91NGj/ba3kCfza0f6dVDbw7YlRf/nDrn7pQrCCyQ/w==}

  /fsevents@2.3.3:
    resolution: {integrity: sha512-5xoDfX+fL7faATnagmWPpbFtwh/R77WmMMqqHGS65C3vvB0YHrgF+B1YmZ3441tMj5n63k0212XNoJwzlhffQw==}
    engines: {node: ^8.16.0 || ^10.6.0 || >=11.0.0}
    os: [darwin]
    requiresBuild: true
    dev: true
    optional: true

  /he@1.2.0:
    resolution: {integrity: sha512-F/1DnUGPopORZi0ni+CvrCgHQ5FyEAHRLSApuYWMmrbSwoN2Mn/7k+Gl38gJnR7yyDZk6WLXwiGod1JOWNDKGw==}
    hasBin: true
    dev: true

  /magic-string@0.30.21:
    resolution: {integrity: sha512-vd2F4YUyEXKGcLHoq+TEyCjxueSeHnFxyyjNp80yg0XV4vUhnDer/lvvlqM/arB5bXQN5K2/3oinyCRyx8T2CQ==}
    dependencies:
      '@jridgewell/sourcemap-codec': 1.5.5

  /minimatch@9.0.9:
    resolution: {integrity: sha512-OBwBN9AL4dqmETlpS2zasx+vTeWclWzkblfZk7KTA5j3jeOONz/tRCnZomUyvNg83wL5Zv9Ss6HMJXAgL8R2Yg==}
    engines: {node: '>=16 || 14 >=14.17'}
    dependencies:
      brace-expansion: 2.1.1
    dev: true

  /muggle-string@0.3.1:
    resolution: {integrity: sha512-ckmWDJjphvd/FvZawgygcUeQCxzvohjFO5RxTjj4eq8kw359gFF3E1brjfI+viLMxss5JrHTDRHZvu2/tuy0Qg==}
    dev: true

  /nanoid@3.3.12:
    resolution: {integrity: sha512-ZB9RH/39qpq5Vu6Y+NmUaFhQR6pp+M2Xt76XBnEwDaGcVAqhlvxrl3B2bKS5D3NH3QR76v3aSrKaF/Kiy7lEtQ==}
    engines: {node: ^10 || ^12 || ^13.7 || ^14 || >=15.0.1}
    hasBin: true

  /path-browserify@1.0.1:
    resolution: {integrity: sha512-b7uo2UCUOYZcnF/3ID0lulOJi/bafxa1xPe7ZPsammBSpjSWQkjNxlt635YGS2MiR9GjvuXCtz2emr3jbsz98g==}
    dev: true

  /picocolors@1.1.1:
    resolution: {integrity: sha512-xceH2snhtb5M9liqDsmEw56le376mTZkEX/jEb/RxNFyegNul7eNslCXP9FDj/Lcu0X8KEyMceP2ntpaHrDEVA==}

  /postcss@8.5.15:
    resolution: {integrity: sha512-FfR8sjd4em2T6fb3I2MwAJU7HWVMr9zba+enmQeeWFfCbm+UOC/0X4DS8XtpUTMwWMGbjKYP7xjfNekzyGmB3A==}
    engines: {node: ^10 || ^12 || >=14}
    dependencies:
      nanoid: 3.3.12
      picocolors: 1.1.1
      source-map-js: 1.2.1

  /rollup@3.30.0:
    resolution: {integrity: sha512-kQvGasUgN+AlWGliFn2POSajRQEsULVYFGTvOZmK06d7vCD+YhZztt70kGk3qaeAXeWYL5eO7zx+rAubBc55eA==}
    engines: {node: '>=14.18.0', npm: '>=8.0.0'}
    hasBin: true
    optionalDependencies:
      fsevents: 2.3.3
    dev: true

  /semver@7.8.1:
    resolution: {integrity: sha512-rkVq3IXh+4FDGch+KwzX3aV9W3kO54GyEgpvBzSyctDA6Xtd7RJQV1xmXbeQp5v7+VzLOfVqiutSE6GICgPFvg==}
    engines: {node: '>=10'}
    hasBin: true
    dev: true

  /source-map-js@1.2.1:
    resolution: {integrity: sha512-UXWMKhLOwVKb728IUtQPXxfYU+usdybtUrK/8uGE8CQMvrhOpwvzDBwj0QhSL7MQc7vIsISBG8VQ8+IDQxpfQA==}
    engines: {node: '>=0.10.0'}

  /typescript@5.9.3:
    resolution: {integrity: sha512-jl1vZzPDinLr9eUt3J/t7V6FgNEw9QjvBPdysz9KfQDD41fQrC2Y4vKQdiaUpFT4bXlb1RHhLpp8wtm6M5TgSw==}
    engines: {node: '>=14.17'}
    hasBin: true

  /vite@4.5.14:
    resolution: {integrity: sha512-+v57oAaoYNnO3hIu5Z/tJRZjq5aHM2zDve9YZ8HngVHbhk66RStobhb1sqPMIPEleV6cNKYK4eGrAbE9Ulbl2g==}
    engines: {node: ^14.18.0 || >=16.0.0}
    hasBin: true
    peerDependencies:
      '@types/node': '>= 14'
      less: '*'
      lightningcss: ^1.21.0
      sass: '*'
      stylus: '*'
      sugarss: '*'
      terser: ^5.4.0
    peerDependenciesMeta:
      '@types/node':
        optional: true
      less:
        optional: true
      lightningcss:
        optional: true
      sass:
        optional: true
      stylus:
        optional: true
      sugarss:
        optional: true
      terser:
        optional: true
    dependencies:
      esbuild: 0.18.20
      postcss: 8.5.15
      rollup: 3.30.0
    optionalDependencies:
      fsevents: 2.3.3
    dev: true

  /vue-router@4.6.4(vue@3.5.34):
    resolution: {integrity: sha512-Hz9q5sa33Yhduglwz6g9skT8OBPii+4bFn88w6J+J4MfEo4KRRpmiNG/hHHkdbRFlLBOqxN8y8gf2Fb0MTUgVg==}
    peerDependencies:
      vue: ^3.5.0
    dependencies:
      '@vue/devtools-api': 6.6.4
      vue: 3.5.34(typescript@5.9.3)
    dev: false

  /vue-template-compiler@2.7.16:
    resolution: {integrity: sha512-AYbUWAJHLGGQM7+cNTELw+KsOG9nl2CnSv467WobS5Cv9uk3wFcnr1Etsz2sEIHEZvw1U+o9mRlEO6QbZvUPGQ==}
    dependencies:
      de-indent: 1.0.2
      he: 1.2.0
    dev: true

  /vue-tsc@1.8.27(typescript@5.9.3):
    resolution: {integrity: sha512-WesKCAZCRAbmmhuGl3+VrdWItEvfoFIPXOvUJkjULi+x+6G/Dy69yO3TBRJDr9eUlmsNAwVmxsNZxvHKzbkKdg==}
    hasBin: true
    peerDependencies:
      typescript: '*'
    dependencies:
      '@volar/typescript': 1.11.1
      '@vue/language-core': 1.8.27(typescript@5.9.3)
      semver: 7.8.1
      typescript: 5.9.3
    dev: true

  /vue@3.5.34(typescript@5.9.3):
    resolution: {integrity: sha512-WdLBG9gm02OgJIG9axd5Hpx0TFLdzVgfG2evFFu8Rur5O/IoGc5cMjnjh3tPL6GnRGsYvUhBSKVPYVcxRKpMCA==}
    peerDependencies:
      typescript: '*'
    peerDependenciesMeta:
      typescript:
        optional: true
    dependencies:
      '@vue/compiler-dom': 3.5.34
      '@vue/compiler-sfc': 3.5.34
      '@vue/runtime-dom': 3.5.34
      '@vue/server-renderer': 3.5.34(vue@3.5.34)
      '@vue/shared': 3.5.34
      typescript: 5.9.3
